// !$*UTF8*$!
{
	archiveVersion = 1;
	classes = {
	};
	objectVersion = 46;
	objects = {

/* Begin PBXBuildFile section */
		13BC3C8BE50243409ADE7A9A /* libPods.a in Frameworks */ = {isa = PBXBuildFile; fileRef = 0F25900BAFBF4A7FA89ECFD4 /* libPods.a */; };
		EAAD20D118E8EAE700CCC0D5 /* Localizable.strings in Resources */ = {isa = PBXBuildFile; fileRef = EAAD20D318E8EAE700CCC0D5 /* Localizable.strings */; };
		EAAD20D718E8ECE200CCC0D5 /* BRJTableViewController.m in Sources */ = {isa = PBXBuildFile; fileRef = EAAD20D618E8ECE200CCC0D5 /* BRJTableViewController.m */; };
		EAAD20DA18E8F63600CCC0D5 /* BRJTableViewCell.m in Sources */ = {isa = PBXBuildFile; fileRef = EAAD20D918E8F63600CCC0D5 /* BRJTableViewCell.m */; };
		EAAD20DE18E8F7DD00CCC0D5 /* MLB Teams.plist in Resources */ = {isa = PBXBuildFile; fileRef = EAAD20DD18E8F7DD00CCC0D5 /* MLB Teams.plist */; };
		EAC1832A18E89B3900643C2C /* Foundation.framework in Frameworks */ = {isa = PBXBuildFile; fileRef = EAC1832918E89B3900643C2C /* Foundation.framework */; };
		EAC1832C18E89B3900643C2C /* CoreGraphics.framework in Frameworks */ = {isa = PBXBuildFile; fileRef = EAC1832B18E89B3900643C2C /* CoreGraphics.framework */; };
		EAC1832E18E89B3900643C2C /* UIKit.framework in Frameworks */ = {isa = PBXBuildFile; fileRef = EAC1832D18E89B3900643C2C /* UIKit.framework */; };
		EAC1833418E89B3900643C2C /* InfoPlist.strings in Resources */ = {isa = PBXBuildFile; fileRef = EAC1833218E89B3900643C2C /* InfoPlist.strings */; };
		EAC1833618E89B3900643C2C /* main.m in Sources */ = {isa = PBXBuildFile; fileRef = EAC1833518E89B3900643C2C /* main.m */; };
		EAC1833A18E89B3900643C2C /* BRJAppDelegate.m in Sources */ = {isa = PBXBuildFile; fileRef = EAC1833918E89B3900643C2C /* BRJAppDelegate.m */; };
		EAC1833C18E89B3900643C2C /* Images.xcassets in Resources */ = {isa = PBXBuildFile; fileRef = EAC1833B18E89B3900643C2C /* Images.xcassets */; };
		EAC1834318E89B3900643C2C /* XCTest.framework in Frameworks */ = {isa = PBXBuildFile; fileRef = EAC1834218E89B3900643C2C /* XCTest.framework */; };
		EAC1834418E89B3900643C2C /* Foundation.framework in Frameworks */ = {isa = PBXBuildFile; fileRef = EAC1832918E89B3900643C2C /* Foundation.framework */; };
		EAC1834518E89B3900643C2C /* UIKit.framework in Frameworks */ = {isa = PBXBuildFile; fileRef = EAC1832D18E89B3900643C2C /* UIKit.framework */; };
		EAC1834D18E89B3900643C2C /* InfoPlist.strings in Resources */ = {isa = PBXBuildFile; fileRef = EAC1834B18E89B3900643C2C /* InfoPlist.strings */; };
		EAC1834F18E89B3900643C2C /* BRJPopoverPicker_ExampleTests.m in Sources */ = {isa = PBXBuildFile; fileRef = EAC1834E18E89B3900643C2C /* BRJPopoverPicker_ExampleTests.m */; };
/* End PBXBuildFile section */

/* Begin PBXContainerItemProxy section */
		EAC1834618E89B3900643C2C /* PBXContainerItemProxy */ = {
			isa = PBXContainerItemProxy;
			containerPortal = EAC1831E18E89B3900643C2C /* Project object */;
			proxyType = 1;
			remoteGlobalIDString = EAC1832518E89B3900643C2C;
			remoteInfo = "BRJPopoverPicker Example";
		};
/* End PBXContainerItemProxy section */

/* Begin PBXFileReference section */
		0F25900BAFBF4A7FA89ECFD4 /* libPods.a */ = {isa = PBXFileReference; explicitFileType = archive.ar; includeInIndex = 0; path = libPods.a; sourceTree = BUILT_PRODUCTS_DIR; };
		7453F524CBA644DB8716A2F8 /* Pods.xcconfig */ = {isa = PBXFileReference; includeInIndex = 1; lastKnownFileType = text.xcconfig; name = Pods.xcconfig; path = Pods/Pods.xcconfig; sourceTree = "<group>"; };
		EAAD20D218E8EAE700CCC0D5 /* en */ = {isa = PBXFileReference; lastKnownFileType = text.plist.strings; name = en; path = en.lproj/Localizable.strings; sourceTree = "<group>"; };
		EAAD20D518E8ECE200CCC0D5 /* BRJTableViewController.h */ = {isa = PBXFileReference; fileEncoding = 4; lastKnownFileType = sourcecode.c.h; name = BRJTableViewController.h; path = "View Controllers/BRJTableViewController.h"; sourceTree = "<group>"; };
		EAAD20D618E8ECE200CCC0D5 /* BRJTableViewController.m */ = {isa = PBXFileReference; fileEncoding = 4; lastKnownFileType = sourcecode.c.objc; name = BRJTableViewController.m; path = "View Controllers/BRJTableViewController.m"; sourceTree = "<group>"; };
		EAAD20D818E8F63600CCC0D5 /* BRJTableViewCell.h */ = {isa = PBXFileReference; fileEncoding = 4; lastKnownFileType = sourcecode.c.h; name = BRJTableViewCell.h; path = Views/BRJTableViewCell.h; sourceTree = "<group>"; };
		EAAD20D918E8F63600CCC0D5 /* BRJTableViewCell.m */ = {isa = PBXFileReference; fileEncoding = 4; lastKnownFileType = sourcecode.c.objc; name = BRJTableViewCell.m; path = Views/BRJTableViewCell.m; sourceTree = "<group>"; };
		EAAD20DD18E8F7DD00CCC0D5 /* MLB Teams.plist */ = {isa = PBXFileReference; fileEncoding = 4; lastKnownFileType = text.plist.xml; name = "MLB Teams.plist"; path = "Resources/MLB Teams.plist"; sourceTree = "<group>"; };
		EAC1832618E89B3900643C2C /* BRJPopoverPicker Example.app */ = {isa = PBXFileReference; explicitFileType = wrapper.application; includeInIndex = 0; path = "BRJPopoverPicker Example.app"; sourceTree = BUILT_PRODUCTS_DIR; };
		EAC1832918E89B3900643C2C /* Foundation.framework */ = {isa = PBXFileReference; lastKnownFileType = wrapper.framework; name = Foundation.framework; path = System/Library/Frameworks/Foundation.framework; sourceTree = SDKROOT; };
		EAC1832B18E89B3900643C2C /* CoreGraphics.framework */ = {isa = PBXFileReference; lastKnownFileType = wrapper.framework; name = CoreGraphics.framework; path = System/Library/Frameworks/CoreGraphics.framework; sourceTree = SDKROOT; };
		EAC1832D18E89B3900643C2C /* UIKit.framework */ = {isa = PBXFileReference; lastKnownFileType = wrapper.framework; name = UIKit.framework; path = System/Library/Frameworks/UIKit.framework; sourceTree = SDKROOT; };
		EAC1833118E89B3900643C2C /* BRJPopoverPicker Example-Info.plist */ = {isa = PBXFileReference; lastKnownFileType = text.plist.xml; path = "BRJPopoverPicker Example-Info.plist"; sourceTree = "<group>"; };
		EAC1833318E89B3900643C2C /* en */ = {isa = PBXFileReference; lastKnownFileType = text.plist.strings; name = en; path = en.lproj/InfoPlist.strings; sourceTree = "<group>"; };
		EAC1833518E89B3900643C2C /* main.m */ = {isa = PBXFileReference; lastKnownFileType = sourcecode.c.objc; path = main.m; sourceTree = "<group>"; };
		EAC1833718E89B3900643C2C /* BRJPopoverPicker Example-Prefix.pch */ = {isa = PBXFileReference; lastKnownFileType = sourcecode.c.h; path = "BRJPopoverPicker Example-Prefix.pch"; sourceTree = "<group>"; };
		EAC1833818E89B3900643C2C /* BRJAppDelegate.h */ = {isa = PBXFileReference; lastKnownFileType = sourcecode.c.h; path = BRJAppDelegate.h; sourceTree = "<group>"; };
		EAC1833918E89B3900643C2C /* BRJAppDelegate.m */ = {isa = PBXFileReference; lastKnownFileType = sourcecode.c.objc; path = BRJAppDelegate.m; sourceTree = "<group>"; };
		EAC1833B18E89B3900643C2C /* Images.xcassets */ = {isa = PBXFileReference; lastKnownFileType = folder.assetcatalog; path = Images.xcassets; sourceTree = "<group>"; };
		EAC1834118E89B3900643C2C /* BRJPopoverPicker ExampleTests.xctest */ = {isa = PBXFileReference; explicitFileType = wrapper.cfbundle; includeInIndex = 0; path = "BRJPopoverPicker ExampleTests.xctest"; sourceTree = BUILT_PRODUCTS_DIR; };
		EAC1834218E89B3900643C2C /* XCTest.framework */ = {isa = PBXFileReference; lastKnownFileType = wrapper.framework; name = XCTest.framework; path = Library/Frameworks/XCTest.framework; sourceTree = DEVELOPER_DIR; };
		EAC1834A18E89B3900643C2C /* BRJPopoverPicker ExampleTests-Info.plist */ = {isa = PBXFileReference; lastKnownFileType = text.plist.xml; path = "BRJPopoverPicker ExampleTests-Info.plist"; sourceTree = "<group>"; };
		EAC1834C18E89B3900643C2C /* en */ = {isa = PBXFileReference; lastKnownFileType = text.plist.strings; name = en; path = en.lproj/InfoPlist.strings; sourceTree = "<group>"; };
		EAC1834E18E89B3900643C2C /* BRJPopoverPicker_ExampleTests.m */ = {isa = PBXFileReference; lastKnownFileType = sourcecode.c.objc; path = BRJPopoverPicker_ExampleTests.m; sourceTree = "<group>"; };
/* End PBXFileReference section */

/* Begin PBXFrameworksBuildPhase section */
		EAC1832318E89B3900643C2C /* Frameworks */ = {
			isa = PBXFrameworksBuildPhase;
			buildActionMask = 2147483647;
			files = (
				EAC1832C18E89B3900643C2C /* CoreGraphics.framework in Frameworks */,
				EAC1832E18E89B3900643C2C /* UIKit.framework in Frameworks */,
				EAC1832A18E89B3900643C2C /* Foundation.framework in Frameworks */,
				13BC3C8BE50243409ADE7A9A /* libPods.a in Frameworks */,
			);
			runOnlyForDeploymentPostprocessing = 0;
		};
		EAC1833E18E89B3900643C2C /* Frameworks */ = {
			isa = PBXFrameworksBuildPhase;
			buildActionMask = 2147483647;
			files = (
				EAC1834318E89B3900643C2C /* XCTest.framework in Frameworks */,
				EAC1834518E89B3900643C2C /* UIKit.framework in Frameworks */,
				EAC1834418E89B3900643C2C /* Foundation.framework in Frameworks */,
			);
			runOnlyForDeploymentPostprocessing = 0;
		};
/* End PBXFrameworksBuildPhase section */

/* Begin PBXGroup section */
		EAAD20CB18E8E94800CCC0D5 /* View Controllers */ = {
			isa = PBXGroup;
			children = (
				EAAD20D518E8ECE200CCC0D5 /* BRJTableViewController.h */,
				EAAD20D618E8ECE200CCC0D5 /* BRJTableViewController.m */,
			);
			name = "View Controllers";
			sourceTree = "<group>";
		};
		EAAD20D418E8EAF500CCC0D5 /* Localization */ = {
			isa = PBXGroup;
			children = (
				EAAD20D318E8EAE700CCC0D5 /* Localizable.strings */,
			);
			name = Localization;
			sourceTree = "<group>";
		};
		EAAD20DB18E8F63A00CCC0D5 /* Views */ = {
			isa = PBXGroup;
			children = (
				EAAD20D818E8F63600CCC0D5 /* BRJTableViewCell.h */,
				EAAD20D918E8F63600CCC0D5 /* BRJTableViewCell.m */,
			);
			name = Views;
			sourceTree = "<group>";
		};
		EAAD20DC18E8F7C300CCC0D5 /* Resources */ = {
			isa = PBXGroup;
			children = (
				EAAD20DD18E8F7DD00CCC0D5 /* MLB Teams.plist */,
			);
			name = Resources;
			sourceTree = "<group>";
		};
		EAC1831D18E89B3900643C2C = {
			isa = PBXGroup;
			children = (
				EAC1832F18E89B3900643C2C /* BRJPopoverPicker Example */,
				EAC1834818E89B3900643C2C /* BRJPopoverPicker ExampleTests */,
				EAC1832818E89B3900643C2C /* Frameworks */,
				EAC1832718E89B3900643C2C /* Products */,
				7453F524CBA644DB8716A2F8 /* Pods.xcconfig */,
			);
			sourceTree = "<group>";
		};
		EAC1832718E89B3900643C2C /* Products */ = {
			isa = PBXGroup;
			children = (
				EAC1832618E89B3900643C2C /* BRJPopoverPicker Example.app */,
				EAC1834118E89B3900643C2C /* BRJPopoverPicker ExampleTests.xctest */,
			);
			name = Products;
			sourceTree = "<group>";
		};
		EAC1832818E89B3900643C2C /* Frameworks */ = {
			isa = PBXGroup;
			children = (
				EAC1832918E89B3900643C2C /* Foundation.framework */,
				EAC1832B18E89B3900643C2C /* CoreGraphics.framework */,
				EAC1832D18E89B3900643C2C /* UIKit.framework */,
				EAC1834218E89B3900643C2C /* XCTest.framework */,
				0F25900BAFBF4A7FA89ECFD4 /* libPods.a */,
			);
			name = Frameworks;
			sourceTree = "<group>";
		};
		EAC1832F18E89B3900643C2C /* BRJPopoverPicker Example */ = {
			isa = PBXGroup;
			children = (
				EAC1833818E89B3900643C2C /* BRJAppDelegate.h */,
				EAC1833918E89B3900643C2C /* BRJAppDelegate.m */,
				EAC1833B18E89B3900643C2C /* Images.xcassets */,
				EAAD20D418E8EAF500CCC0D5 /* Localization */,
				EAAD20DC18E8F7C300CCC0D5 /* Resources */,
				EAC1833018E89B3900643C2C /* Supporting Files */,
				EAAD20CB18E8E94800CCC0D5 /* View Controllers */,
				EAAD20DB18E8F63A00CCC0D5 /* Views */,
			);
			path = "BRJPopoverPicker Example";
			sourceTree = "<group>";
		};
		EAC1833018E89B3900643C2C /* Supporting Files */ = {
			isa = PBXGroup;
			children = (
				EAC1833118E89B3900643C2C /* BRJPopoverPicker Example-Info.plist */,
				EAC1833218E89B3900643C2C /* InfoPlist.strings */,
				EAC1833518E89B3900643C2C /* main.m */,
				EAC1833718E89B3900643C2C /* BRJPopoverPicker Example-Prefix.pch */,
			);
			name = "Supporting Files";
			sourceTree = "<group>";
		};
		EAC1834818E89B3900643C2C /* BRJPopoverPicker ExampleTests */ = {
			isa = PBXGroup;
			children = (
				EAC1834E18E89B3900643C2C /* BRJPopoverPicker_ExampleTests.m */,
				EAC1834918E89B3900643C2C /* Supporting Files */,
			);
			path = "BRJPopoverPicker ExampleTests";
			sourceTree = "<group>";
		};
		EAC1834918E89B3900643C2C /* Supporting Files */ = {
			isa = PBXGroup;
			children = (
				EAC1834A18E89B3900643C2C /* BRJPopoverPicker ExampleTests-Info.plist */,
				EAC1834B18E89B3900643C2C /* InfoPlist.strings */,
			);
			name = "Supporting Files";
			sourceTree = "<group>";
		};
/* End PBXGroup section */

/* Begin PBXNativeTarget section */
		EAC1832518E89B3900643C2C /* BRJPopoverPicker Example */ = {
			isa = PBXNativeTarget;
			buildConfigurationList = EAC1835218E89B3900643C2C /* Build configuration list for PBXNativeTarget "BRJPopoverPicker Example" */;
			buildPhases = (
				F023E974B4C84367809EBA24 /* Check Pods Manifest.lock */,
				EAC1832218E89B3900643C2C /* Sources */,
				EAC1832318E89B3900643C2C /* Frameworks */,
				EAC1832418E89B3900643C2C /* Resources */,
				C8575EF23D2C4C7FB68AFF67 /* Copy Pods Resources */,
			);
			buildRules = (
			);
			dependencies = (
			);
			name = "BRJPopoverPicker Example";
			productName = "BRJPopoverPicker Example";
			productReference = EAC1832618E89B3900643C2C /* BRJPopoverPicker Example.app */;
			productType = "com.apple.product-type.application";
		};
		EAC1834018E89B3900643C2C /* BRJPopoverPicker ExampleTests */ = {
			isa = PBXNativeTarget;
			buildConfigurationList = EAC1835518E89B3900643C2C /* Build configuration list for PBXNativeTarget "BRJPopoverPicker ExampleTests" */;
			buildPhases = (
				EAC1833D18E89B3900643C2C /* Sources */,
				EAC1833E18E89B3900643C2C /* Frameworks */,
				EAC1833F18E89B3900643C2C /* Resources */,
			);
			buildRules = (
			);
			dependencies = (
				EAC1834718E89B3900643C2C /* PBXTargetDependency */,
			);
			name = "BRJPopoverPicker ExampleTests";
			productName = "BRJPopoverPicker ExampleTests";
			productReference = EAC1834118E89B3900643C2C /* BRJPopoverPicker ExampleTests.xctest */;
			productType = "com.apple.product-type.bundle.unit-test";
		};
/* End PBXNativeTarget section */

/* Begin PBXProject section */
		EAC1831E18E89B3900643C2C /* Project object */ = {
			isa = PBXProject;
			attributes = {
				CLASSPREFIX = BRJ;
				LastUpgradeCheck = 0510;
				ORGANIZATIONNAME = Bixelcog;
				TargetAttributes = {
					EAC1834018E89B3900643C2C = {
						TestTargetID = EAC1832518E89B3900643C2C;
					};
				};
			};
			buildConfigurationList = EAC1832118E89B3900643C2C /* Build configuration list for PBXProject "BRJPopoverPicker Example" */;
			compatibilityVersion = "Xcode 3.2";
			developmentRegion = English;
			hasScannedForEncodings = 0;
			knownRegions = (
				en,
			);
			mainGroup = EAC1831D18E89B3900643C2C;
			productRefGroup = EAC1832718E89B3900643C2C /* Products */;
			projectDirPath = "";
			projectRoot = "";
			targets = (
				EAC1832518E89B3900643C2C /* BRJPopoverPicker Example */,
				EAC1834018E89B3900643C2C /* BRJPopoverPicker ExampleTests */,
			);
		};
/* End PBXProject section */

/* Begin PBXResourcesBuildPhase section */
		EAC1832418E89B3900643C2C /* Resources */ = {
			isa = PBXResourcesBuildPhase;
			buildActionMask = 2147483647;
			files = (
				EAC1833418E89B3900643C2C /* InfoPlist.strings in Resources */,
				EAAD20D118E8EAE700CCC0D5 /* Localizable.strings in Resources */,
				EAAD20DE18E8F7DD00CCC0D5 /* MLB Teams.plist in Resources */,
				EAC1833C18E89B3900643C2C /* Images.xcassets in Resources */,
			);
			runOnlyForDeploymentPostprocessing = 0;
		};
		EAC1833F18E89B3900643C2C /* Resources */ = {
			isa = PBXResourcesBuildPhase;
			buildActionMask = 2147483647;
			files = (
				EAC1834D18E89B3900643C2C /* InfoPlist.strings in Resources */,
			);
			runOnlyForDeploymentPostprocessing = 0;
		};
/* End PBXResourcesBuildPhase section */

/* Begin PBXShellScriptBuildPhase section */
		C8575EF23D2C4C7FB68AFF67 /* Copy Pods Resources */ = {
			isa = PBXShellScriptBuildPhase;
			buildActionMask = 2147483647;
			files = (
			);
			inputPaths = (
			);
			name = "Copy Pods Resources";
			outputPaths = (
			);
			runOnlyForDeploymentPostprocessing = 0;
			shellPath = /bin/sh;
			shellScript = "\"${SRCROOT}/Pods/Pods-resources.sh\"\n";
			showEnvVarsInLog = 0;
		};
		F023E974B4C84367809EBA24 /* Check Pods Manifest.lock */ = {
			isa = PBXShellScriptBuildPhase;
			buildActionMask = 2147483647;
			files = (
			);
			inputPaths = (
			);
			name = "Check Pods Manifest.lock";
			outputPaths = (
			);
			runOnlyForDeploymentPostprocessing = 0;
			shellPath = /bin/sh;
			shellScript = "diff \"${PODS_ROOT}/../Podfile.lock\" \"${PODS_ROOT}/Manifest.lock\" > /dev/null\nif [[ $? != 0 ]] ; then\n    cat << EOM\nerror: The sandbox is not in sync with the Podfile.lock. Run 'pod install' or update your CocoaPods installation.\nEOM\n    exit 1\nfi\n";
			showEnvVarsInLog = 0;
		};
/* End PBXShellScriptBuildPhase section */

/* Begin PBXSourcesBuildPhase section */
		EAC1832218E89B3900643C2C /* Sources */ = {
			isa = PBXSourcesBuildPhase;
			buildActionMask = 2147483647;
			files = (
				EAC1833618E89B3900643C2C /* main.m in Sources */,
				EAAD20D718E8ECE200CCC0D5 /* BRJTableViewController.m in Sources */,
				EAAD20DA18E8F63600CCC0D5 /* BRJTableViewCell.m in Sources */,
				EAC1833A18E89B3900643C2C /* BRJAppDelegate.m in Sources */,
			);
			runOnlyForDeploymentPostprocessing = 0;
		};
		EAC1833D18E89B3900643C2C /* Sources */ = {
			isa = PBXSourcesBuildPhase;
			buildActionMask = 2147483647;
			files = (
				EAC1834F18E89B3900643C2C /* BRJPopoverPicker_ExampleTests.m in Sources */,
			);
			runOnlyForDeploymentPostprocessing = 0;
		};
/* End PBXSourcesBuildPhase section */

/* Begin PBXTargetDependency section */
		EAC1834718E89B3900643C2C /* PBXTargetDependency */ = {
			isa = PBXTargetDependency;
			target = EAC1832518E89B3900643C2C /* BRJPopoverPicker Example */;
			targetProxy = EAC1834618E89B3900643C2C /* PBXContainerItemProxy */;
		};
/* End PBXTargetDependency section */

/* Begin PBXVariantGroup section */
		EAAD20D318E8EAE700CCC0D5 /* Localizable.strings */ = {
			isa = PBXVariantGroup;
			children = (
				EAAD20D218E8EAE700CCC0D5 /* en */,
			);
			name = Localizable.strings;
			path = Localization;
			sourceTree = "<group>";
		};
		EAC1833218E89B3900643C2C /* InfoPlist.strings */ = {
			isa = PBXVariantGroup;
			children = (
				EAC1833318E89B3900643C2C /* en */,
			);
			name = InfoPlist.strings;
			sourceTree = "<group>";
		};
		EAC1834B18E89B3900643C2C /* InfoPlist.strings */ = {
			isa = PBXVariantGroup;
			children = (
				EAC1834C18E89B3900643C2C /* en */,
			);
			name = InfoPlist.strings;
			sourceTree = "<group>";
		};
/* End PBXVariantGroup section */

/* Begin XCBuildConfiguration section */
		EAC1835018E89B3900643C2C /* Debug */ = {
			isa = XCBuildConfiguration;
			buildSettings = {
				ALWAYS_SEARCH_USER_PATHS = NO;
				CLANG_CXX_LANGUAGE_STANDARD = "gnu++0x";
				CLANG_CXX_LIBRARY = "libc++";
				CLANG_ENABLE_MODULES = YES;
				CLANG_ENABLE_OBJC_ARC = YES;
				CLANG_WARN_BOOL_CONVERSION = YES;
				CLANG_WARN_CONSTANT_CONVERSION = YES;
				CLANG_WARN_DIRECT_OBJC_ISA_USAGE = YES_ERROR;
				CLANG_WARN_EMPTY_BODY = YES;
				CLANG_WARN_ENUM_CONVERSION = YES;
				CLANG_WARN_INT_CONVERSION = YES;
				CLANG_WARN_OBJC_ROOT_CLASS = YES_ERROR;
				CLANG_WARN__DUPLICATE_METHOD_MATCH = YES;
				"CODE_SIGN_IDENTITY[sdk=iphoneos*]" = "iPhone Developer";
				COPY_PHASE_STRIP = NO;
				GCC_C_LANGUAGE_STANDARD = gnu99;
				GCC_DYNAMIC_NO_PIC = NO;
				GCC_OPTIMIZATION_LEVEL = 0;
				GCC_PREPROCESSOR_DEFINITIONS = (
					"DEBUG=1",
					"$(inherited)",
				);
				GCC_SYMBOLS_PRIVATE_EXTERN = NO;
				GCC_WARN_64_TO_32_BIT_CONVERSION = YES;
				GCC_WARN_ABOUT_RETURN_TYPE = YES_ERROR;
				GCC_WARN_UNDECLARED_SELECTOR = YES;
				GCC_WARN_UNINITIALIZED_AUTOS = YES_AGGRESSIVE;
				GCC_WARN_UNUSED_FUNCTION = YES;
				GCC_WARN_UNUSED_VARIABLE = YES;
				IPHONEOS_DEPLOYMENT_TARGET = 7.1;
				ONLY_ACTIVE_ARCH = YES;
				SDKROOT = iphoneos;
				TARGETED_DEVICE_FAMILY = 2;
			};
			name = Debug;
		};
		EAC1835118E89B3900643C2C /* Release */ = {
			isa = XCBuildConfiguration;
			buildSettings = {
				ALWAYS_SEARCH_USER_PATHS = NO;
				CLANG_CXX_LANGUAGE_STANDARD = "gnu++0x";
				CLANG_CXX_LIBRARY = "libc++";
				CLANG_ENABLE_MODULES = YES;
				CLANG_ENABLE_OBJC_ARC = YES;
				CLANG_WARN_BOOL_CONVERSION = YES;
				CLANG_WARN_CONSTANT_CONVERSION = YES;
				CLANG_WARN_DIRECT_OBJC_ISA_USAGE = YES_ERROR;
				CLANG_WARN_EMPTY_BODY = YES;
				CLANG_WARN_ENUM_CONVERSION = YES;
				CLANG_WARN_INT_CONVERSION = YES;
				CLANG_WARN_OBJC_ROOT_CLASS = YES_ERROR;
				CLANG_WARN__DUPLICATE_METHOD_MATCH = YES;
				"CODE_SIGN_IDENTITY[sdk=iphoneos*]" = "iPhone Developer";
				COPY_PHASE_STRIP = YES;
				ENABLE_NS_ASSERTIONS = NO;
				GCC_C_LANGUAGE_STANDARD = gnu99;
				GCC_WARN_64_TO_32_BIT_CONVERSION = YES;
				GCC_WARN_ABOUT_RETURN_TYPE = YES_ERROR;
				GCC_WARN_UNDECLARED_SELECTOR = YES;
				GCC_WARN_UNINITIALIZED_AUTOS = YES_AGGRESSIVE;
				GCC_WARN_UNUSED_FUNCTION = YES;
				GCC_WARN_UNUSED_VARIABLE = YES;
				IPHONEOS_DEPLOYMENT_TARGET = 7.1;
				SDKROOT = iphoneos;
				TARGETED_DEVICE_FAMILY = 2;
				VALIDATE_PRODUCT = YES;
			};
			name = Release;
		};
		EAC1835318E89B3900643C2C /* Debug */ = {
			isa = XCBuildConfiguration;
			baseConfigurationReference = 7453F524CBA644DB8716A2F8 /* Pods.xcconfig */;
			buildSettings = {
				ASSETCATALOG_COMPILER_APPICON_NAME = AppIcon;
				ASSETCATALOG_COMPILER_LAUNCHIMAGE_NAME = LaunchImage;
				GCC_PRECOMPILE_PREFIX_HEADER = YES;
				GCC_PREFIX_HEADER = "BRJPopoverPicker Example/BRJPopoverPicker Example-Prefix.pch";
				INFOPLIST_FILE = "BRJPopoverPicker Example/BRJPopoverPicker Example-Info.plist";
				PRODUCT_NAME = "$(TARGET_NAME)";
				WRAPPER_EXTENSION = app;
			};
			name = Debug;
		};
		EAC1835418E89B3900643C2C /* Release */ = {
			isa = XCBuildConfiguration;
			baseConfigurationReference = 7453F524CBA644DB8716A2F8 /* Pods.xcconfig */;
			buildSettings = {
				ASSETCATALOG_COMPILER_APPICON_NAME = AppIcon;
				ASSETCATALOG_COMPILER_LAUNCHIMAGE_NAME = LaunchImage;
				GCC_PRECOMPILE_PREFIX_HEADER = YES;
				GCC_PREFIX_HEADER = "BRJPopoverPicker Example/BRJPopoverPicker Example-Prefix.pch";
				INFOPLIST_FILE = "BRJPopoverPicker Example/BRJPopoverPicker Example-Info.plist";
				PRODUCT_NAME = "$(TARGET_NAME)";
				WRAPPER_EXTENSION = app;
			};
			name = Release;
		};
		EAC1835618E89B3900643C2C /* Debug */ = {
			isa = XCBuildConfiguration;
			buildSettings = {
				BUNDLE_LOADER = "$(BUILT_PRODUCTS_DIR)/BRJPopoverPicker Example.app/BRJPopoverPicker Example";
				FRAMEWORK_SEARCH_PATHS = (
					"$(SDKROOT)/Developer/Library/Frameworks",
					"$(inherited)",
					"$(DEVELOPER_FRAMEWORKS_DIR)",
				);
				GCC_PRECOMPILE_PREFIX_HEADER = YES;
				GCC_PREFIX_HEADER = "BRJPopoverPicker Example/BRJPopoverPicker Example-Prefix.pch";
				GCC_PREPROCESSOR_DEFINITIONS = (
					"DEBUG=1",
					"$(inherited)",
				);
				INFOPLIST_FILE = "BRJPopoverPicker ExampleTests/BRJPopoverPicker ExampleTests-Info.plist";
				PRODUCT_NAME = "$(TARGET_NAME)";
				TEST_HOST = "$(BUNDLE_LOADER)";
				WRAPPER_EXTENSION = xctest;
			};
			name = Debug;
		};
		EAC1835718E89B3900643C2C /* Release */ = {
			isa = XCBuildConfiguration;
			buildSettings = {
				BUNDLE_LOADER = "$(BUILT_PRODUCTS_DIR)/BRJPopoverPicker Example.app/BRJPopoverPicker Example";
				FRAMEWORK_SEARCH_PATHS = (
					"$(SDKROOT)/Developer/Library/Frameworks",
					"$(inherited)",
					"$(DEVELOPER_FRAMEWORKS_DIR)",
				);
				GCC_PRECOMPILE_PREFIX_HEADER = YES;
				GCC_PREFIX_HEADER = "BRJPopoverPicker Example/BRJPopoverPicker Example-Prefix.pch";
				INFOPLIST_FILE = "BRJPopoverPicker ExampleTests/BRJPopoverPicker ExampleTests-Info.plist";
				PRODUCT_NAME = "$(TARGET_NAME)";
				TEST_HOST = "$(BUNDLE_LOADER)";
				WRAPPER_EXTENSION = xctest;
			};
			name = Release;
		};
/* End XCBuildConfiguration section */

/* Begin XCConfigurationList section */
		EAC1832118E89B3900643C2C /* Build configuration list for PBXProject "BRJPopoverPicker Example" */ = {
			isa = XCConfigurationList;
			buildConfigurations = (
				EAC1835018E89B3900643C2C /* Debug */,
				EAC1835118E89B3900643C2C /* Release */,
			);
			defaultConfigurationIsVisible = 0;
			defaultConfigurationName = Release;
		};
		EAC1835218E89B3900643C2C /* Build configuration list for PBXNativeTarget "BRJPopoverPicker Example" */ = {
			isa = XCConfigurationList;
			buildConfigurations = (
				EAC1835318E89B3900643C2C /* Debug */,
				EAC1835418E89B3900643C2C /* Release */,
			);
			defaultConfigurationIsVisible = 0;
			defaultConfigurationName = Release;
		};
		EAC1835518E89B3900643C2C /* Build configuration list for PBXNativeTarget "BRJPopoverPicker ExampleTests" */ = {
			isa = XCConfigurationList;
			buildConfigurations = (
				EAC1835618E89B3900643C2C /* Debug */,
				EAC1835718E89B3900643C2C /* Release */,
			);
			defaultConfigurationIsVisible = 0;
			defaultConfigurationName = Release;
		};
/* End XCConfigurationList section */
	};
	rootObject = EAC1831E18E89B3900643C2C /* Project object */;
}
