// !$*UTF8*$!
{
	archiveVersion = 1;
	classes = {
	};
	objectVersion = 46;
	objects = {

/* Begin PBXBuildFile section */
		EAFC6EE018E8864600953708 /* Foundation.framework in Frameworks */ = {isa = PBXBuildFile; fileRef = EAFC6EDF18E8864600953708 /* Foundation.framework */; };
		EAFC6EE218E8864600953708 /* CoreGraphics.framework in Frameworks */ = {isa = PBXBuildFile; fileRef = EAFC6EE118E8864600953708 /* CoreGraphics.framework */; };
		EAFC6EE418E8864600953708 /* UIKit.framework in Frameworks */ = {isa = PBXBuildFile; fileRef = EAFC6EE318E8864600953708 /* UIKit.framework */; };
		EAFC6EEA18E8864600953708 /* InfoPlist.strings in Resources */ = {isa = PBXBuildFile; fileRef = EAFC6EE818E8864600953708 /* InfoPlist.strings */; };
		EAFC6EEC18E8864600953708 /* main.m in Sources */ = {isa = PBXBuildFile; fileRef = EAFC6EEB18E8864600953708 /* main.m */; };
		EAFC6EF018E8864600953708 /* BRJAppDelegate.m in Sources */ = {isa = PBXBuildFile; fileRef = EAFC6EEF18E8864600953708 /* BRJAppDelegate.m */; };
		EAFC6EF218E8864600953708 /* Images.xcassets in Resources */ = {isa = PBXBuildFile; fileRef = EAFC6EF118E8864600953708 /* Images.xcassets */; };
		EAFC6EF918E8864600953708 /* XCTest.framework in Frameworks */ = {isa = PBXBuildFile; fileRef = EAFC6EF818E8864600953708 /* XCTest.framework */; };
		EAFC6EFA18E8864600953708 /* Foundation.framework in Frameworks */ = {isa = PBXBuildFile; fileRef = EAFC6EDF18E8864600953708 /* Foundation.framework */; };
		EAFC6EFB18E8864600953708 /* UIKit.framework in Frameworks */ = {isa = PBXBuildFile; fileRef = EAFC6EE318E8864600953708 /* UIKit.framework */; };
		EAFC6F0318E8864700953708 /* InfoPlist.strings in Resources */ = {isa = PBXBuildFile; fileRef = EAFC6F0118E8864700953708 /* InfoPlist.strings */; };
		EAFC6F0518E8864700953708 /* BRJPopoverPickerController_ExampleTests.m in Sources */ = {isa = PBXBuildFile; fileRef = EAFC6F0418E8864700953708 /* BRJPopoverPickerController_ExampleTests.m */; };
/* End PBXBuildFile section */

/* Begin PBXContainerItemProxy section */
		EAFC6EFC18E8864600953708 /* PBXContainerItemProxy */ = {
			isa = PBXContainerItemProxy;
			containerPortal = EAFC6ED418E8864600953708 /* Project object */;
			proxyType = 1;
			remoteGlobalIDString = EAFC6EDB18E8864600953708;
			remoteInfo = "BRJPopoverPickerController Example";
		};
/* End PBXContainerItemProxy section */

/* Begin PBXFileReference section */
		EAFC6EDC18E8864600953708 /* BRJPopoverPickerController Example.app */ = {isa = PBXFileReference; explicitFileType = wrapper.application; includeInIndex = 0; path = "BRJPopoverPickerController Example.app"; sourceTree = BUILT_PRODUCTS_DIR; };
		EAFC6EDF18E8864600953708 /* Foundation.framework */ = {isa = PBXFileReference; lastKnownFileType = wrapper.framework; name = Foundation.framework; path = System/Library/Frameworks/Foundation.framework; sourceTree = SDKROOT; };
		EAFC6EE118E8864600953708 /* CoreGraphics.framework */ = {isa = PBXFileReference; lastKnownFileType = wrapper.framework; name = CoreGraphics.framework; path = System/Library/Frameworks/CoreGraphics.framework; sourceTree = SDKROOT; };
		EAFC6EE318E8864600953708 /* UIKit.framework */ = {isa = PBXFileReference; lastKnownFileType = wrapper.framework; name = UIKit.framework; path = System/Library/Frameworks/UIKit.framework; sourceTree = SDKROOT; };
		EAFC6EE718E8864600953708 /* BRJPopoverPickerController Example-Info.plist */ = {isa = PBXFileReference; lastKnownFileType = text.plist.xml; path = "BRJPopoverPickerController Example-Info.plist"; sourceTree = "<group>"; };
		EAFC6EE918E8864600953708 /* en */ = {isa = PBXFileReference; lastKnownFileType = text.plist.strings; name = en; path = en.lproj/InfoPlist.strings; sourceTree = "<group>"; };
		EAFC6EEB18E8864600953708 /* main.m */ = {isa = PBXFileReference; lastKnownFileType = sourcecode.c.objc; path = main.m; sourceTree = "<group>"; };
		EAFC6EED18E8864600953708 /* BRJPopoverPickerController Example-Prefix.pch */ = {isa = PBXFileReference; lastKnownFileType = sourcecode.c.h; path = "BRJPopoverPickerController Example-Prefix.pch"; sourceTree = "<group>"; };
		EAFC6EEE18E8864600953708 /* BRJAppDelegate.h */ = {isa = PBXFileReference; lastKnownFileType = sourcecode.c.h; path = BRJAppDelegate.h; sourceTree = "<group>"; };
		EAFC6EEF18E8864600953708 /* BRJAppDelegate.m */ = {isa = PBXFileReference; lastKnownFileType = sourcecode.c.objc; path = BRJAppDelegate.m; sourceTree = "<group>"; };
		EAFC6EF118E8864600953708 /* Images.xcassets */ = {isa = PBXFileReference; lastKnownFileType = folder.assetcatalog; path = Images.xcassets; sourceTree = "<group>"; };
		EAFC6EF718E8864600953708 /* BRJPopoverPickerController ExampleTests.xctest */ = {isa = PBXFileReference; explicitFileType = wrapper.cfbundle; includeInIndex = 0; path = "BRJPopoverPickerController ExampleTests.xctest"; sourceTree = BUILT_PRODUCTS_DIR; };
		EAFC6EF818E8864600953708 /* XCTest.framework */ = {isa = PBXFileReference; lastKnownFileType = wrapper.framework; name = XCTest.framework; path = Library/Frameworks/XCTest.framework; sourceTree = DEVELOPER_DIR; };
		EAFC6F0018E8864600953708 /* BRJPopoverPickerController ExampleTests-Info.plist */ = {isa = PBXFileReference; lastKnownFileType = text.plist.xml; path = "BRJPopoverPickerController ExampleTests-Info.plist"; sourceTree = "<group>"; };
		EAFC6F0218E8864700953708 /* en */ = {isa = PBXFileReference; lastKnownFileType = text.plist.strings; name = en; path = en.lproj/InfoPlist.strings; sourceTree = "<group>"; };
		EAFC6F0418E8864700953708 /* BRJPopoverPickerController_ExampleTests.m */ = {isa = PBXFileReference; lastKnownFileType = sourcecode.c.objc; path = BRJPopoverPickerController_ExampleTests.m; sourceTree = "<group>"; };
/* End PBXFileReference section */

/* Begin PBXFrameworksBuildPhase section */
		EAFC6ED918E8864600953708 /* Frameworks */ = {
			isa = PBXFrameworksBuildPhase;
			buildActionMask = 2147483647;
			files = (
				EAFC6EE218E8864600953708 /* CoreGraphics.framework in Frameworks */,
				EAFC6EE418E8864600953708 /* UIKit.framework in Frameworks */,
				EAFC6EE018E8864600953708 /* Foundation.framework in Frameworks */,
			);
			runOnlyForDeploymentPostprocessing = 0;
		};
		EAFC6EF418E8864600953708 /* Frameworks */ = {
			isa = PBXFrameworksBuildPhase;
			buildActionMask = 2147483647;
			files = (
				EAFC6EF918E8864600953708 /* XCTest.framework in Frameworks */,
				EAFC6EFB18E8864600953708 /* UIKit.framework in Frameworks */,
				EAFC6EFA18E8864600953708 /* Foundation.framework in Frameworks */,
			);
			runOnlyForDeploymentPostprocessing = 0;
		};
/* End PBXFrameworksBuildPhase section */

/* Begin PBXGroup section */
		EAFC6ED318E8864600953708 = {
			isa = PBXGroup;
			children = (
				EAFC6EE518E8864600953708 /* BRJPopoverPickerController Example */,
				EAFC6EFE18E8864600953708 /* BRJPopoverPickerController ExampleTests */,
				EAFC6EDE18E8864600953708 /* Frameworks */,
				EAFC6EDD18E8864600953708 /* Products */,
			);
			sourceTree = "<group>";
		};
		EAFC6EDD18E8864600953708 /* Products */ = {
			isa = PBXGroup;
			children = (
				EAFC6EDC18E8864600953708 /* BRJPopoverPickerController Example.app */,
				EAFC6EF718E8864600953708 /* BRJPopoverPickerController ExampleTests.xctest */,
			);
			name = Products;
			sourceTree = "<group>";
		};
		EAFC6EDE18E8864600953708 /* Frameworks */ = {
			isa = PBXGroup;
			children = (
				EAFC6EDF18E8864600953708 /* Foundation.framework */,
				EAFC6EE118E8864600953708 /* CoreGraphics.framework */,
				EAFC6EE318E8864600953708 /* UIKit.framework */,
				EAFC6EF818E8864600953708 /* XCTest.framework */,
			);
			name = Frameworks;
			sourceTree = "<group>";
		};
		EAFC6EE518E8864600953708 /* BRJPopoverPickerController Example */ = {
			isa = PBXGroup;
			children = (
				EAFC6EEE18E8864600953708 /* BRJAppDelegate.h */,
				EAFC6EEF18E8864600953708 /* BRJAppDelegate.m */,
				EAFC6EF118E8864600953708 /* Images.xcassets */,
				EAFC6EE618E8864600953708 /* Supporting Files */,
			);
			path = "BRJPopoverPickerController Example";
			sourceTree = "<group>";
		};
		EAFC6EE618E8864600953708 /* Supporting Files */ = {
			isa = PBXGroup;
			children = (
				EAFC6EE718E8864600953708 /* BRJPopoverPickerController Example-Info.plist */,
				EAFC6EE818E8864600953708 /* InfoPlist.strings */,
				EAFC6EEB18E8864600953708 /* main.m */,
				EAFC6EED18E8864600953708 /* BRJPopoverPickerController Example-Prefix.pch */,
			);
			name = "Supporting Files";
			sourceTree = "<group>";
		};
		EAFC6EFE18E8864600953708 /* BRJPopoverPickerController ExampleTests */ = {
			isa = PBXGroup;
			children = (
				EAFC6F0418E8864700953708 /* BRJPopoverPickerController_ExampleTests.m */,
				EAFC6EFF18E8864600953708 /* Supporting Files */,
			);
			path = "BRJPopoverPickerController ExampleTests";
			sourceTree = "<group>";
		};
		EAFC6EFF18E8864600953708 /* Supporting Files */ = {
			isa = PBXGroup;
			children = (
				EAFC6F0018E8864600953708 /* BRJPopoverPickerController ExampleTests-Info.plist */,
				EAFC6F0118E8864700953708 /* InfoPlist.strings */,
			);
			name = "Supporting Files";
			sourceTree = "<group>";
		};
/* End PBXGroup section */

/* Begin PBXNativeTarget section */
		EAFC6EDB18E8864600953708 /* BRJPopoverPickerController Example */ = {
			isa = PBXNativeTarget;
			buildConfigurationList = EAFC6F0818E8864700953708 /* Build configuration list for PBXNativeTarget "BRJPopoverPickerController Example" */;
			buildPhases = (
				EAFC6ED818E8864600953708 /* Sources */,
				EAFC6ED918E8864600953708 /* Frameworks */,
				EAFC6EDA18E8864600953708 /* Resources */,
			);
			buildRules = (
			);
			dependencies = (
			);
			name = "BRJPopoverPickerController Example";
			productName = "BRJPopoverPickerController Example";
			productReference = EAFC6EDC18E8864600953708 /* BRJPopoverPickerController Example.app */;
			productType = "com.apple.product-type.application";
		};
		EAFC6EF618E8864600953708 /* BRJPopoverPickerController ExampleTests */ = {
			isa = PBXNativeTarget;
			buildConfigurationList = EAFC6F0B18E8864700953708 /* Build configuration list for PBXNativeTarget "BRJPopoverPickerController ExampleTests" */;
			buildPhases = (
				EAFC6EF318E8864600953708 /* Sources */,
				EAFC6EF418E8864600953708 /* Frameworks */,
				EAFC6EF518E8864600953708 /* Resources */,
			);
			buildRules = (
			);
			dependencies = (
				EAFC6EFD18E8864600953708 /* PBXTargetDependency */,
			);
			name = "BRJPopoverPickerController ExampleTests";
			productName = "BRJPopoverPickerController ExampleTests";
			productReference = EAFC6EF718E8864600953708 /* BRJPopoverPickerController ExampleTests.xctest */;
			productType = "com.apple.product-type.bundle.unit-test";
		};
/* End PBXNativeTarget section */

/* Begin PBXProject section */
		EAFC6ED418E8864600953708 /* Project object */ = {
			isa = PBXProject;
			attributes = {
				CLASSPREFIX = BRJ;
				LastUpgradeCheck = 0510;
				ORGANIZATIONNAME = Bixelcog;
				TargetAttributes = {
					EAFC6EF618E8864600953708 = {
						TestTargetID = EAFC6EDB18E8864600953708;
					};
				};
			};
			buildConfigurationList = EAFC6ED718E8864600953708 /* Build configuration list for PBXProject "BRJPopoverPickerController Example" */;
			compatibilityVersion = "Xcode 3.2";
			developmentRegion = English;
			hasScannedForEncodings = 0;
			knownRegions = (
				en,
			);
			mainGroup = EAFC6ED318E8864600953708;
			productRefGroup = EAFC6EDD18E8864600953708 /* Products */;
			projectDirPath = "";
			projectRoot = "";
			targets = (
				EAFC6EDB18E8864600953708 /* BRJPopoverPickerController Example */,
				EAFC6EF618E8864600953708 /* BRJPopoverPickerController ExampleTests */,
			);
		};
/* End PBXProject section */

/* Begin PBXResourcesBuildPhase section */
		EAFC6EDA18E8864600953708 /* Resources */ = {
			isa = PBXResourcesBuildPhase;
			buildActionMask = 2147483647;
			files = (
				EAFC6EEA18E8864600953708 /* InfoPlist.strings in Resources */,
				EAFC6EF218E8864600953708 /* Images.xcassets in Resources */,
			);
			runOnlyForDeploymentPostprocessing = 0;
		};
		EAFC6EF518E8864600953708 /* Resources */ = {
			isa = PBXResourcesBuildPhase;
			buildActionMask = 2147483647;
			files = (
				EAFC6F0318E8864700953708 /* InfoPlist.strings in Resources */,
			);
			runOnlyForDeploymentPostprocessing = 0;
		};
/* End PBXResourcesBuildPhase section */

/* Begin PBXSourcesBuildPhase section */
		EAFC6ED818E8864600953708 /* Sources */ = {
			isa = PBXSourcesBuildPhase;
			buildActionMask = 2147483647;
			files = (
				EAFC6EEC18E8864600953708 /* main.m in Sources */,
				EAFC6EF018E8864600953708 /* BRJAppDelegate.m in Sources */,
			);
			runOnlyForDeploymentPostprocessing = 0;
		};
		EAFC6EF318E8864600953708 /* Sources */ = {
			isa = PBXSourcesBuildPhase;
			buildActionMask = 2147483647;
			files = (
				EAFC6F0518E8864700953708 /* BRJPopoverPickerController_ExampleTests.m in Sources */,
			);
			runOnlyForDeploymentPostprocessing = 0;
		};
/* End PBXSourcesBuildPhase section */

/* Begin PBXTargetDependency section */
		EAFC6EFD18E8864600953708 /* PBXTargetDependency */ = {
			isa = PBXTargetDependency;
			target = EAFC6EDB18E8864600953708 /* BRJPopoverPickerController Example */;
			targetProxy = EAFC6EFC18E8864600953708 /* PBXContainerItemProxy */;
		};
/* End PBXTargetDependency section */

/* Begin PBXVariantGroup section */
		EAFC6EE818E8864600953708 /* InfoPlist.strings */ = {
			isa = PBXVariantGroup;
			children = (
				EAFC6EE918E8864600953708 /* en */,
			);
			name = InfoPlist.strings;
			sourceTree = "<group>";
		};
		EAFC6F0118E8864700953708 /* InfoPlist.strings */ = {
			isa = PBXVariantGroup;
			children = (
				EAFC6F0218E8864700953708 /* en */,
			);
			name = InfoPlist.strings;
			sourceTree = "<group>";
		};
/* End PBXVariantGroup section */

/* Begin XCBuildConfiguration section */
		EAFC6F0618E8864700953708 /* Debug */ = {
			isa = XCBuildConfiguration;
			buildSettings = {
				ALWAYS_SEARCH_USER_PATHS = NO;
				CLANG_CXX_LANGUAGE_STANDARD = "gnu++0x";
				CLANG_CXX_LIBRARY = "libc++";
				CLANG_ENABLE_MODULES = YES;
				CLANG_ENABLE_OBJC_ARC = YES;
				CLANG_WARN_BOOL_CONVERSION = YES;
				CLANG_WARN_CONSTANT_CONVERSION = YES;
				CLANG_WARN_DIRECT_OBJC_ISA_USAGE = YES_ERROR;
				CLANG_WARN_EMPTY_BODY = YES;
				CLANG_WARN_ENUM_CONVERSION = YES;
				CLANG_WARN_INT_CONVERSION = YES;
				CLANG_WARN_OBJC_ROOT_CLASS = YES_ERROR;
				CLANG_WARN__DUPLICATE_METHOD_MATCH = YES;
				"CODE_SIGN_IDENTITY[sdk=iphoneos*]" = "iPhone Developer";
				COPY_PHASE_STRIP = NO;
				GCC_C_LANGUAGE_STANDARD = gnu99;
				GCC_DYNAMIC_NO_PIC = NO;
				GCC_OPTIMIZATION_LEVEL = 0;
				GCC_PREPROCESSOR_DEFINITIONS = (
					"DEBUG=1",
					"$(inherited)",
				);
				GCC_SYMBOLS_PRIVATE_EXTERN = NO;
				GCC_WARN_64_TO_32_BIT_CONVERSION = YES;
				GCC_WARN_ABOUT_RETURN_TYPE = YES_ERROR;
				GCC_WARN_UNDECLARED_SELECTOR = YES;
				GCC_WARN_UNINITIALIZED_AUTOS = YES_AGGRESSIVE;
				GCC_WARN_UNUSED_FUNCTION = YES;
				GCC_WARN_UNUSED_VARIABLE = YES;
				IPHONEOS_DEPLOYMENT_TARGET = 7.1;
				ONLY_ACTIVE_ARCH = YES;
				SDKROOT = iphoneos;
				TARGETED_DEVICE_FAMILY = 2;
			};
			name = Debug;
		};
		EAFC6F0718E8864700953708 /* Release */ = {
			isa = XCBuildConfiguration;
			buildSettings = {
				ALWAYS_SEARCH_USER_PATHS = NO;
				CLANG_CXX_LANGUAGE_STANDARD = "gnu++0x";
				CLANG_CXX_LIBRARY = "libc++";
				CLANG_ENABLE_MODULES = YES;
				CLANG_ENABLE_OBJC_ARC = YES;
				CLANG_WARN_BOOL_CONVERSION = YES;
				CLANG_WARN_CONSTANT_CONVERSION = YES;
				CLANG_WARN_DIRECT_OBJC_ISA_USAGE = YES_ERROR;
				CLANG_WARN_EMPTY_BODY = YES;
				CLANG_WARN_ENUM_CONVERSION = YES;
				CLANG_WARN_INT_CONVERSION = YES;
				CLANG_WARN_OBJC_ROOT_CLASS = YES_ERROR;
				CLANG_WARN__DUPLICATE_METHOD_MATCH = YES;
				"CODE_SIGN_IDENTITY[sdk=iphoneos*]" = "iPhone Developer";
				COPY_PHASE_STRIP = YES;
				ENABLE_NS_ASSERTIONS = NO;
				GCC_C_LANGUAGE_STANDARD = gnu99;
				GCC_WARN_64_TO_32_BIT_CONVERSION = YES;
				GCC_WARN_ABOUT_RETURN_TYPE = YES_ERROR;
				GCC_WARN_UNDECLARED_SELECTOR = YES;
				GCC_WARN_UNINITIALIZED_AUTOS = YES_AGGRESSIVE;
				GCC_WARN_UNUSED_FUNCTION = YES;
				GCC_WARN_UNUSED_VARIABLE = YES;
				IPHONEOS_DEPLOYMENT_TARGET = 7.1;
				SDKROOT = iphoneos;
				TARGETED_DEVICE_FAMILY = 2;
				VALIDATE_PRODUCT = YES;
			};
			name = Release;
		};
		EAFC6F0918E8864700953708 /* Debug */ = {
			isa = XCBuildConfiguration;
			buildSettings = {
				ASSETCATALOG_COMPILER_APPICON_NAME = AppIcon;
				ASSETCATALOG_COMPILER_LAUNCHIMAGE_NAME = LaunchImage;
				GCC_PRECOMPILE_PREFIX_HEADER = YES;
				GCC_PREFIX_HEADER = "BRJPopoverPickerController Example/BRJPopoverPickerController Example-Prefix.pch";
				INFOPLIST_FILE = "BRJPopoverPickerController Example/BRJPopoverPickerController Example-Info.plist";
				PRODUCT_NAME = "$(TARGET_NAME)";
				WRAPPER_EXTENSION = app;
			};
			name = Debug;
		};
		EAFC6F0A18E8864700953708 /* Release */ = {
			isa = XCBuildConfiguration;
			buildSettings = {
				ASSETCATALOG_COMPILER_APPICON_NAME = AppIcon;
				ASSETCATALOG_COMPILER_LAUNCHIMAGE_NAME = LaunchImage;
				GCC_PRECOMPILE_PREFIX_HEADER = YES;
				GCC_PREFIX_HEADER = "BRJPopoverPickerController Example/BRJPopoverPickerController Example-Prefix.pch";
				INFOPLIST_FILE = "BRJPopoverPickerController Example/BRJPopoverPickerController Example-Info.plist";
				PRODUCT_NAME = "$(TARGET_NAME)";
				WRAPPER_EXTENSION = app;
			};
			name = Release;
		};
		EAFC6F0C18E8864700953708 /* Debug */ = {
			isa = XCBuildConfiguration;
			buildSettings = {
				BUNDLE_LOADER = "$(BUILT_PRODUCTS_DIR)/BRJPopoverPickerController Example.app/BRJPopoverPickerController Example";
				FRAMEWORK_SEARCH_PATHS = (
					"$(SDKROOT)/Developer/Library/Frameworks",
					"$(inherited)",
					"$(DEVELOPER_FRAMEWORKS_DIR)",
				);
				GCC_PRECOMPILE_PREFIX_HEADER = YES;
				GCC_PREFIX_HEADER = "BRJPopoverPickerController Example/BRJPopoverPickerController Example-Prefix.pch";
				GCC_PREPROCESSOR_DEFINITIONS = (
					"DEBUG=1",
					"$(inherited)",
				);
				INFOPLIST_FILE = "BRJPopoverPickerController ExampleTests/BRJPopoverPickerController ExampleTests-Info.plist";
				PRODUCT_NAME = "$(TARGET_NAME)";
				TEST_HOST = "$(BUNDLE_LOADER)";
				WRAPPER_EXTENSION = xctest;
			};
			name = Debug;
		};
		EAFC6F0D18E8864700953708 /* Release */ = {
			isa = XCBuildConfiguration;
			buildSettings = {
				BUNDLE_LOADER = "$(BUILT_PRODUCTS_DIR)/BRJPopoverPickerController Example.app/BRJPopoverPickerController Example";
				FRAMEWORK_SEARCH_PATHS = (
					"$(SDKROOT)/Developer/Library/Frameworks",
					"$(inherited)",
					"$(DEVELOPER_FRAMEWORKS_DIR)",
				);
				GCC_PRECOMPILE_PREFIX_HEADER = YES;
				GCC_PREFIX_HEADER = "BRJPopoverPickerController Example/BRJPopoverPickerController Example-Prefix.pch";
				INFOPLIST_FILE = "BRJPopoverPickerController ExampleTests/BRJPopoverPickerController ExampleTests-Info.plist";
				PRODUCT_NAME = "$(TARGET_NAME)";
				TEST_HOST = "$(BUNDLE_LOADER)";
				WRAPPER_EXTENSION = xctest;
			};
			name = Release;
		};
/* End XCBuildConfiguration section */

/* Begin XCConfigurationList section */
		EAFC6ED718E8864600953708 /* Build configuration list for PBXProject "BRJPopoverPickerController Example" */ = {
			isa = XCConfigurationList;
			buildConfigurations = (
				EAFC6F0618E8864700953708 /* Debug */,
				EAFC6F0718E8864700953708 /* Release */,
			);
			defaultConfigurationIsVisible = 0;
			defaultConfigurationName = Release;
		};
		EAFC6F0818E8864700953708 /* Build configuration list for PBXNativeTarget "BRJPopoverPickerController Example" */ = {
			isa = XCConfigurationList;
			buildConfigurations = (
				EAFC6F0918E8864700953708 /* Debug */,
				EAFC6F0A18E8864700953708 /* Release */,
			);
			defaultConfigurationIsVisible = 0;
		};
		EAFC6F0B18E8864700953708 /* Build configuration list for PBXNativeTarget "BRJPopoverPickerController ExampleTests" */ = {
			isa = XCConfigurationList;
			buildConfigurations = (
				EAFC6F0C18E8864700953708 /* Debug */,
				EAFC6F0D18E8864700953708 /* Release */,
			);
			defaultConfigurationIsVisible = 0;
		};
/* End XCConfigurationList section */
	};
	rootObject = EAFC6ED418E8864600953708 /* Project object */;
}
